
Microsoft Visual Studio Solution File, Format Version 12.00
Project("{8BC9CEB8-8B4A-11D0-8D11-00A0C91BC942}") = "laboratory_report_5", "laboratory_report_5.vcxproj", "{40250699-24D2-4468-B3C8-6A5B638BE1D4}"
EndProject
Global
	GlobalSection(SolutionConfigurationPlatforms) = preSolution
		Debug|Win32 = Debug|Win32
		Debug|x64 = Debug|x64
		Release|Win32 = Release|Win32
		Release|x64 = Release|x64
	EndGlobalSection
	GlobalSection(ProjectConfigurationPlatforms) = postSolution
		{40250699-24D2-4468-B3C8-6A5B638BE1D4}.Debug|Win32.ActiveCfg = Debug|Win32
		{40250699-24D2-4468-B3C8-6A5B638BE1D4}.Debug|Win32.Build.0 = Debug|Win32
		{40250699-24D2-4468-B3C8-6A5B638BE1D4}.Debug|x64.ActiveCfg = Debug|x64
		{40250699-24D2-4468-B3C8-6A5B638BE1D4}.Debug|x64.Build.0 = Debug|x64
		{40250699-24D2-4468-B3C8-6A5B638BE1D4}.Release|Win32.ActiveCfg = Release|Win32
		{40250699-24D2-4468-B3C8-6A5B638BE1D4}.Release|Win32.Build.0 = Release|Win32
		{40250699-24D2-4468-B3C8-6A5B638BE1D4}.Release|x64.ActiveCfg = Release|x64
		{40250699-24D2-4468-B3C8-6A5B638BE1D4}.Release|x64.Build.0 = Release|x64
	EndGlobalSection
EndGlobal
